<?xml version="1.0" encoding="UTF-8" standalone="yes" ?>
<CodeBlocks_project_file>
	<FileVersion major="1" minor="6" />
	<Project>
		<Option title="bayes" />
		<Option platforms="Unix;" />
		<Option pch_mode="2" />
		<Option compiler="gcc" />
		<Build>
			<Target title="Debug">
				<Option platforms="Unix;" />
				<Option output="bin/Debug/bayes" prefix_auto="1" extension_auto="1" />
				<Option object_output="obj/Debug/" />
				<Option type="1" />
				<Option compiler="gcc" />
				<Option parameters="&lt; ~/c++/bayes/text.txt " />
				<Compiler>
					<Add option="-g" />
					<Add directory="lib/libstemmer/include" />
					<Add directory="/usr/include" />
				</Compiler>
			</Target>
			<Target title="Release">
				<Option platforms="Unix;" />
				<Option output="bin/Release/bayes" prefix_auto="1" extension_auto="1" />
				<Option object_output="obj/Release/" />
				<Option type="1" />
				<Option compiler="gcc" />
				<Compiler>
					<Add option="-O2" />
					<Add option="-Wall" />
				</Compiler>
				<Linker>
					<Add option="-s" />
				</Linker>
			</Target>
		</Build>
		<Compiler>
			<Add option="-Wall" />
			<Add option="-fexceptions" />
			<Add directory="include" />
			<Add directory="/usr/include" />
			<Add directory="lib/libstemmer/include" />
		</Compiler>
		<Linker>
			<Add library="lib/libstemmer/libstemmer.o" />
			<Add library="/usr/lib/libicutu.so" />
			<Add library="/usr/lib/libicuio.so" />
			<Add library="/usr/lib/libicuuc.so" />
			<Add library="/usr/lib/libicui18n.so" />
		</Linker>
		<Unit filename="include/BayesClassifier.h" />
		<Unit filename="include/LexerMyStem.h" />
		<Unit filename="include/LexerStem.h" />
		<Unit filename="include/child.h" />
		<Unit filename="include/lexer.h" />
		<Unit filename="include/types.h" />
		<Unit filename="main.cpp" />
		<Unit filename="src/BayesClassifier.cpp" />
		<Unit filename="src/LexerMyStem.cpp" />
		<Unit filename="src/LexerStem.cpp" />
		<Unit filename="src/child.cpp" />
		<Unit filename="src/lexer.cpp" />
		<Extensions>
			<code_completion />
			<debugger />
			<envvars />
		</Extensions>
	</Project>
</CodeBlocks_project_file>
